
Microsoft Visual Studio Solution File, Format Version 12.00
# Visual Studio 15
VisualStudioVersion = 15.0.26430.13
MinimumVisualStudioVersion = 10.0.40219.1
Project("{FAE04EC0-301F-11D3-BF4B-00C04F79EFBC}") = "HorolezeckyPruvodce", "HorolezeckyPruvodce\HorolezeckyPruvodce.csproj", "{17838043-B375-4A00-B59C-5E8D562B1CE5}"
EndProject
Project("{FAE04EC0-301F-11D3-BF4B-00C04F79EFBC}") = "HorolezeckyPruvodce.Droid", "HorolezeckyPruvodce.Droid\HorolezeckyPruvodce.Droid.csproj", "{49DF9912-37FF-41E2-8FA8-E0F02557D185}"
EndProject
Global
	GlobalSection(SolutionConfigurationPlatforms) = preSolution
		Ad-Hoc|Any CPU = Ad-Hoc|Any CPU
		Ad-Hoc|ARM = Ad-Hoc|ARM
		Ad-Hoc|iPhone = Ad-Hoc|iPhone
		Ad-Hoc|iPhoneSimulator = Ad-Hoc|iPhoneSimulator
		Ad-Hoc|x64 = Ad-Hoc|x64
		Ad-Hoc|x86 = Ad-Hoc|x86
		AppStore|Any CPU = AppStore|Any CPU
		AppStore|ARM = AppStore|ARM
		AppStore|iPhone = AppStore|iPhone
		AppStore|iPhoneSimulator = AppStore|iPhoneSimulator
		AppStore|x64 = AppStore|x64
		AppStore|x86 = AppStore|x86
		Debug|Any CPU = Debug|Any CPU
		Debug|ARM = Debug|ARM
		Debug|iPhone = Debug|iPhone
		Debug|iPhoneSimulator = Debug|iPhoneSimulator
		Debug|x64 = Debug|x64
		Debug|x86 = Debug|x86
		Release|Any CPU = Release|Any CPU
		Release|ARM = Release|ARM
		Release|iPhone = Release|iPhone
		Release|iPhoneSimulator = Release|iPhoneSimulator
		Release|x64 = Release|x64
		Release|x86 = Release|x86
	EndGlobalSection
	GlobalSection(ProjectConfigurationPlatforms) = postSolution
		{17838043-B375-4A00-B59C-5E8D562B1CE5}.Ad-Hoc|Any CPU.ActiveCfg = Release|Any CPU
		{17838043-B375-4A00-B59C-5E8D562B1CE5}.Ad-Hoc|Any CPU.Build.0 = Release|Any CPU
		{17838043-B375-4A00-B59C-5E8D562B1CE5}.Ad-Hoc|ARM.ActiveCfg = Release|Any CPU
		{17838043-B375-4A00-B59C-5E8D562B1CE5}.Ad-Hoc|ARM.Build.0 = Release|Any CPU
		{17838043-B375-4A00-B59C-5E8D562B1CE5}.Ad-Hoc|iPhone.ActiveCfg = Release|Any CPU
		{17838043-B375-4A00-B59C-5E8D562B1CE5}.Ad-Hoc|iPhone.Build.0 = Release|Any CPU
		{17838043-B375-4A00-B59C-5E8D562B1CE5}.Ad-Hoc|iPhoneSimulator.ActiveCfg = Release|Any CPU
		{17838043-B375-4A00-B59C-5E8D562B1CE5}.Ad-Hoc|iPhoneSimulator.Build.0 = Release|Any CPU
		{17838043-B375-4A00-B59C-5E8D562B1CE5}.Ad-Hoc|x64.ActiveCfg = Release|Any CPU
		{17838043-B375-4A00-B59C-5E8D562B1CE5}.Ad-Hoc|x64.Build.0 = Release|Any CPU
		{17838043-B375-4A00-B59C-5E8D562B1CE5}.Ad-Hoc|x86.ActiveCfg = Release|Any CPU
		{17838043-B375-4A00-B59C-5E8D562B1CE5}.Ad-Hoc|x86.Build.0 = Release|Any CPU
		{17838043-B375-4A00-B59C-5E8D562B1CE5}.AppStore|Any CPU.ActiveCfg = Release|Any CPU
		{17838043-B375-4A00-B59C-5E8D562B1CE5}.AppStore|Any CPU.Build.0 = Release|Any CPU
		{17838043-B375-4A00-B59C-5E8D562B1CE5}.AppStore|ARM.ActiveCfg = Release|Any CPU
		{17838043-B375-4A00-B59C-5E8D562B1CE5}.AppStore|ARM.Build.0 = Release|Any CPU
		{17838043-B375-4A00-B59C-5E8D562B1CE5}.AppStore|iPhone.ActiveCfg = Release|Any CPU
		{17838043-B375-4A00-B59C-5E8D562B1CE5}.AppStore|iPhone.Build.0 = Release|Any CPU
		{17838043-B375-4A00-B59C-5E8D562B1CE5}.AppStore|iPhoneSimulator.ActiveCfg = Release|Any CPU
		{17838043-B375-4A00-B59C-5E8D562B1CE5}.AppStore|iPhoneSimulator.Build.0 = Release|Any CPU
		{17838043-B375-4A00-B59C-5E8D562B1CE5}.AppStore|x64.ActiveCfg = Release|Any CPU
		{17838043-B375-4A00-B59C-5E8D562B1CE5}.AppStore|x64.Build.0 = Release|Any CPU
		{17838043-B375-4A00-B59C-5E8D562B1CE5}.AppStore|x86.ActiveCfg = Release|Any CPU
		{17838043-B375-4A00-B59C-5E8D562B1CE5}.AppStore|x86.Build.0 = Release|Any CPU
		{17838043-B375-4A00-B59C-5E8D562B1CE5}.Debug|Any CPU.ActiveCfg = Debug|Any CPU
		{17838043-B375-4A00-B59C-5E8D562B1CE5}.Debug|Any CPU.Build.0 = Debug|Any CPU
		{17838043-B375-4A00-B59C-5E8D562B1CE5}.Debug|ARM.ActiveCfg = Debug|Any CPU
		{17838043-B375-4A00-B59C-5E8D562B1CE5}.Debug|ARM.Build.0 = Debug|Any CPU
		{17838043-B375-4A00-B59C-5E8D562B1CE5}.Debug|iPhone.ActiveCfg = Debug|Any CPU
		{17838043-B375-4A00-B59C-5E8D562B1CE5}.Debug|iPhone.Build.0 = Debug|Any CPU
		{17838043-B375-4A00-B59C-5E8D562B1CE5}.Debug|iPhoneSimulator.ActiveCfg = Debug|Any CPU
		{17838043-B375-4A00-B59C-5E8D562B1CE5}.Debug|iPhoneSimulator.Build.0 = Debug|Any CPU
		{17838043-B375-4A00-B59C-5E8D562B1CE5}.Debug|x64.ActiveCfg = Debug|Any CPU
		{17838043-B375-4A00-B59C-5E8D562B1CE5}.Debug|x64.Build.0 = Debug|Any CPU
		{17838043-B375-4A00-B59C-5E8D562B1CE5}.Debug|x86.ActiveCfg = Debug|Any CPU
		{17838043-B375-4A00-B59C-5E8D562B1CE5}.Debug|x86.Build.0 = Debug|Any CPU
		{17838043-B375-4A00-B59C-5E8D562B1CE5}.Release|Any CPU.ActiveCfg = Release|Any CPU
		{17838043-B375-4A00-B59C-5E8D562B1CE5}.Release|Any CPU.Build.0 = Release|Any CPU
		{17838043-B375-4A00-B59C-5E8D562B1CE5}.Release|ARM.ActiveCfg = Release|Any CPU
		{17838043-B375-4A00-B59C-5E8D562B1CE5}.Release|ARM.Build.0 = Release|Any CPU
		{17838043-B375-4A00-B59C-5E8D562B1CE5}.Release|iPhone.ActiveCfg = Release|Any CPU
		{17838043-B375-4A00-B59C-5E8D562B1CE5}.Release|iPhone.Build.0 = Release|Any CPU
		{17838043-B375-4A00-B59C-5E8D562B1CE5}.Release|iPhoneSimulator.ActiveCfg = Release|Any CPU
		{17838043-B375-4A00-B59C-5E8D562B1CE5}.Release|iPhoneSimulator.Build.0 = Release|Any CPU
		{17838043-B375-4A00-B59C-5E8D562B1CE5}.Release|x64.ActiveCfg = Release|Any CPU
		{17838043-B375-4A00-B59C-5E8D562B1CE5}.Release|x64.Build.0 = Release|Any CPU
		{17838043-B375-4A00-B59C-5E8D562B1CE5}.Release|x86.ActiveCfg = Release|Any CPU
		{17838043-B375-4A00-B59C-5E8D562B1CE5}.Release|x86.Build.0 = Release|Any CPU
		{49DF9912-37FF-41E2-8FA8-E0F02557D185}.Ad-Hoc|Any CPU.ActiveCfg = Release|Any CPU
		{49DF9912-37FF-41E2-8FA8-E0F02557D185}.Ad-Hoc|Any CPU.Build.0 = Release|Any CPU
		{49DF9912-37FF-41E2-8FA8-E0F02557D185}.Ad-Hoc|Any CPU.Deploy.0 = Release|Any CPU
		{49DF9912-37FF-41E2-8FA8-E0F02557D185}.Ad-Hoc|ARM.ActiveCfg = Release|Any CPU
		{49DF9912-37FF-41E2-8FA8-E0F02557D185}.Ad-Hoc|ARM.Build.0 = Release|Any CPU
		{49DF9912-37FF-41E2-8FA8-E0F02557D185}.Ad-Hoc|ARM.Deploy.0 = Release|Any CPU
		{49DF9912-37FF-41E2-8FA8-E0F02557D185}.Ad-Hoc|iPhone.ActiveCfg = Release|Any CPU
		{49DF9912-37FF-41E2-8FA8-E0F02557D185}.Ad-Hoc|iPhone.Build.0 = Release|Any CPU
		{49DF9912-37FF-41E2-8FA8-E0F02557D185}.Ad-Hoc|iPhone.Deploy.0 = Release|Any CPU
		{49DF9912-37FF-41E2-8FA8-E0F02557D185}.Ad-Hoc|iPhoneSimulator.ActiveCfg = Release|Any CPU
		{49DF9912-37FF-41E2-8FA8-E0F02557D185}.Ad-Hoc|iPhoneSimulator.Build.0 = Release|Any CPU
		{49DF9912-37FF-41E2-8FA8-E0F02557D185}.Ad-Hoc|iPhoneSimulator.Deploy.0 = Release|Any CPU
		{49DF9912-37FF-41E2-8FA8-E0F02557D185}.Ad-Hoc|x64.ActiveCfg = Release|Any CPU
		{49DF9912-37FF-41E2-8FA8-E0F02557D185}.Ad-Hoc|x64.Build.0 = Release|Any CPU
		{49DF9912-37FF-41E2-8FA8-E0F02557D185}.Ad-Hoc|x64.Deploy.0 = Release|Any CPU
		{49DF9912-37FF-41E2-8FA8-E0F02557D185}.Ad-Hoc|x86.ActiveCfg = Release|Any CPU
		{49DF9912-37FF-41E2-8FA8-E0F02557D185}.Ad-Hoc|x86.Build.0 = Release|Any CPU
		{49DF9912-37FF-41E2-8FA8-E0F02557D185}.Ad-Hoc|x86.Deploy.0 = Release|Any CPU
		{49DF9912-37FF-41E2-8FA8-E0F02557D185}.AppStore|Any CPU.ActiveCfg = Release|Any CPU
		{49DF9912-37FF-41E2-8FA8-E0F02557D185}.AppStore|Any CPU.Build.0 = Release|Any CPU
		{49DF9912-37FF-41E2-8FA8-E0F02557D185}.AppStore|Any CPU.Deploy.0 = Release|Any CPU
		{49DF9912-37FF-41E2-8FA8-E0F02557D185}.AppStore|ARM.ActiveCfg = Release|Any CPU
		{49DF9912-37FF-41E2-8FA8-E0F02557D185}.AppStore|ARM.Build.0 = Release|Any CPU
		{49DF9912-37FF-41E2-8FA8-E0F02557D185}.AppStore|ARM.Deploy.0 = Release|Any CPU
		{49DF9912-37FF-41E2-8FA8-E0F02557D185}.AppStore|iPhone.ActiveCfg = Release|Any CPU
		{49DF9912-37FF-41E2-8FA8-E0F02557D185}.AppStore|iPhone.Build.0 = Release|Any CPU
		{49DF9912-37FF-41E2-8FA8-E0F02557D185}.AppStore|iPhone.Deploy.0 = Release|Any CPU
		{49DF9912-37FF-41E2-8FA8-E0F02557D185}.AppStore|iPhoneSimulator.ActiveCfg = Release|Any CPU
		{49DF9912-37FF-41E2-8FA8-E0F02557D185}.AppStore|iPhoneSimulator.Build.0 = Release|Any CPU
		{49DF9912-37FF-41E2-8FA8-E0F02557D185}.AppStore|iPhoneSimulator.Deploy.0 = Release|Any CPU
		{49DF9912-37FF-41E2-8FA8-E0F02557D185}.AppStore|x64.ActiveCfg = Release|Any CPU
		{49DF9912-37FF-41E2-8FA8-E0F02557D185}.AppStore|x64.Build.0 = Release|Any CPU
		{49DF9912-37FF-41E2-8FA8-E0F02557D185}.AppStore|x64.Deploy.0 = Release|Any CPU
		{49DF9912-37FF-41E2-8FA8-E0F02557D185}.AppStore|x86.ActiveCfg = Release|Any CPU
		{49DF9912-37FF-41E2-8FA8-E0F02557D185}.AppStore|x86.Build.0 = Release|Any CPU
		{49DF9912-37FF-41E2-8FA8-E0F02557D185}.AppStore|x86.Deploy.0 = Release|Any CPU
		{49DF9912-37FF-41E2-8FA8-E0F02557D185}.Debug|Any CPU.ActiveCfg = Debug|Any CPU
		{49DF9912-37FF-41E2-8FA8-E0F02557D185}.Debug|Any CPU.Build.0 = Debug|Any CPU
		{49DF9912-37FF-41E2-8FA8-E0F02557D185}.Debug|Any CPU.Deploy.0 = Debug|Any CPU
		{49DF9912-37FF-41E2-8FA8-E0F02557D185}.Debug|ARM.ActiveCfg = Debug|Any CPU
		{49DF9912-37FF-41E2-8FA8-E0F02557D185}.Debug|ARM.Build.0 = Debug|Any CPU
		{49DF9912-37FF-41E2-8FA8-E0F02557D185}.Debug|ARM.Deploy.0 = Debug|Any CPU
		{49DF9912-37FF-41E2-8FA8-E0F02557D185}.Debug|iPhone.ActiveCfg = Debug|Any CPU
		{49DF9912-37FF-41E2-8FA8-E0F02557D185}.Debug|iPhone.Build.0 = Debug|Any CPU
		{49DF9912-37FF-41E2-8FA8-E0F02557D185}.Debug|iPhone.Deploy.0 = Debug|Any CPU
		{49DF9912-37FF-41E2-8FA8-E0F02557D185}.Debug|iPhoneSimulator.ActiveCfg = Debug|Any CPU
		{49DF9912-37FF-41E2-8FA8-E0F02557D185}.Debug|iPhoneSimulator.Build.0 = Debug|Any CPU
		{49DF9912-37FF-41E2-8FA8-E0F02557D185}.Debug|iPhoneSimulator.Deploy.0 = Debug|Any CPU
		{49DF9912-37FF-41E2-8FA8-E0F02557D185}.Debug|x64.ActiveCfg = Debug|Any CPU
		{49DF9912-37FF-41E2-8FA8-E0F02557D185}.Debug|x64.Build.0 = Debug|Any CPU
		{49DF9912-37FF-41E2-8FA8-E0F02557D185}.Debug|x64.Deploy.0 = Debug|Any CPU
		{49DF9912-37FF-41E2-8FA8-E0F02557D185}.Debug|x86.ActiveCfg = Debug|Any CPU
		{49DF9912-37FF-41E2-8FA8-E0F02557D185}.Debug|x86.Build.0 = Debug|Any CPU
		{49DF9912-37FF-41E2-8FA8-E0F02557D185}.Debug|x86.Deploy.0 = Debug|Any CPU
		{49DF9912-37FF-41E2-8FA8-E0F02557D185}.Release|Any CPU.ActiveCfg = Release|Any CPU
		{49DF9912-37FF-41E2-8FA8-E0F02557D185}.Release|Any CPU.Build.0 = Release|Any CPU
		{49DF9912-37FF-41E2-8FA8-E0F02557D185}.Release|Any CPU.Deploy.0 = Release|Any CPU
		{49DF9912-37FF-41E2-8FA8-E0F02557D185}.Release|ARM.ActiveCfg = Release|Any CPU
		{49DF9912-37FF-41E2-8FA8-E0F02557D185}.Release|ARM.Build.0 = Release|Any CPU
		{49DF9912-37FF-41E2-8FA8-E0F02557D185}.Release|ARM.Deploy.0 = Release|Any CPU
		{49DF9912-37FF-41E2-8FA8-E0F02557D185}.Release|iPhone.ActiveCfg = Release|Any CPU
		{49DF9912-37FF-41E2-8FA8-E0F02557D185}.Release|iPhone.Build.0 = Release|Any CPU
		{49DF9912-37FF-41E2-8FA8-E0F02557D185}.Release|iPhone.Deploy.0 = Release|Any CPU
		{49DF9912-37FF-41E2-8FA8-E0F02557D185}.Release|iPhoneSimulator.ActiveCfg = Release|Any CPU
		{49DF9912-37FF-41E2-8FA8-E0F02557D185}.Release|iPhoneSimulator.Build.0 = Release|Any CPU
		{49DF9912-37FF-41E2-8FA8-E0F02557D185}.Release|iPhoneSimulator.Deploy.0 = Release|Any CPU
		{49DF9912-37FF-41E2-8FA8-E0F02557D185}.Release|x64.ActiveCfg = Release|Any CPU
		{49DF9912-37FF-41E2-8FA8-E0F02557D185}.Release|x64.Build.0 = Release|Any CPU
		{49DF9912-37FF-41E2-8FA8-E0F02557D185}.Release|x64.Deploy.0 = Release|Any CPU
		{49DF9912-37FF-41E2-8FA8-E0F02557D185}.Release|x86.ActiveCfg = Release|Any CPU
		{49DF9912-37FF-41E2-8FA8-E0F02557D185}.Release|x86.Build.0 = Release|Any CPU
		{49DF9912-37FF-41E2-8FA8-E0F02557D185}.Release|x86.Deploy.0 = Release|Any CPU
	EndGlobalSection
	GlobalSection(SolutionProperties) = preSolution
		HideSolutionNode = FALSE
	EndGlobalSection
EndGlobal
